<?xml version="1.0" encoding="utf-8"?>
<Project ToolsVersion="4.0" xmlns="http://schemas.microsoft.com/developer/msbuild/2003">
  <ItemGroup>
    <Filter Include="Source Files">
      <UniqueIdentifier>{4FC737F1-C7A5-4376-A066-2A32D752A2FF}</UniqueIdentifier>
      <Extensions>cpp;c;cc;cxx;def;odl;idl;hpj;bat;asm;asmx</Extensions>
    </Filter>
    <Filter Include="Header Files">
      <UniqueIdentifier>{93995380-89BD-4b04-88EB-625FBE52EBFB}</UniqueIdentifier>
      <Extensions>h;hh;hpp;hxx;hm;inl;inc;xsd</Extensions>
    </Filter>
    <Filter Include="Resource Files">
      <UniqueIdentifier>{67DA6AB6-F800-4c08-8B7A-83BB121AAD01}</UniqueIdentifier>
      <Extensions>rc;ico;cur;bmp;dlg;rc2;rct;bin;rgs;gif;jpg;jpeg;jpe;resx;tiff;tif;png;wav;mfcribbon-ms</Extensions>
    </Filter>
    <Filter Include="Form Files">
      <UniqueIdentifier>{99349809-55BA-4b9d-BF79-8FDBB0286EB3}</UniqueIdentifier>
      <Extensions>ui</Extensions>
    </Filter>
    <Filter Include="Resource Files">
      <UniqueIdentifier>{D9D6E242-F8AF-46E4-B9FD-80ECBC20BA3E}</UniqueIdentifier>
      <Extensions>qrc;*</Extensions>
      <ParseFiles>false</ParseFiles>
    </Filter>
    <Filter Include="Source Files\QDirect3D12Widget">
      <UniqueIdentifier>{19a947cb-5aba-4d59-bfb1-43b95e3af84a}</UniqueIdentifier>
    </Filter>
    <Filter Include="Source Files\Utility">
      <UniqueIdentifier>{75d4871d-aa8b-4358-bea4-fa782ee21d91}</UniqueIdentifier>
    </Filter>
    <Filter Include="Source Files\QtInterface">
      <UniqueIdentifier>{fc480f90-2066-4535-a13e-77cb4669dcd8}</UniqueIdentifier>
    </Filter>
    <Filter Include="Shader Files">
      <UniqueIdentifier>{99da4717-d970-45d4-b103-11a51cc1083b}</UniqueIdentifier>
    </Filter>
    <Filter Include="Header Files\Utility">
      <UniqueIdentifier>{bd5dec67-205c-4316-a507-4250fc228c3d}</UniqueIdentifier>
    </Filter>
    <Filter Include="Header Files\Pipeline">
      <UniqueIdentifier>{6fe23bc5-c020-4b77-8e11-c5177074b9c1}</UniqueIdentifier>
    </Filter>
    <Filter Include="Header Files\Basement">
      <UniqueIdentifier>{bba9420e-0699-45fe-9fca-66d091df7dcc}</UniqueIdentifier>
    </Filter>
    <Filter Include="Header Files\Interaction">
      <UniqueIdentifier>{a03b375f-73de-4b85-83f6-172d24632bf7}</UniqueIdentifier>
    </Filter>
    <Filter Include="Header Files\Geometry">
      <UniqueIdentifier>{112b15b9-3f7f-4cce-91ed-f0c06827bdfb}</UniqueIdentifier>
    </Filter>
    <Filter Include="Source Files\Geometry">
      <UniqueIdentifier>{5f4d36aa-882f-4e42-a2cb-4f40a758bab6}</UniqueIdentifier>
    </Filter>
  </ItemGroup>
  <ItemGroup>
    <QtRcc Include="SuikaGraphics.qrc">
      <Filter>Resource Files</Filter>
    </QtRcc>
    <QtUic Include="SuikaGraphics.ui">
      <Filter>Resource Files</Filter>
    </QtUic>
  </ItemGroup>
  <ItemGroup>
    <ClCompile Include="source\QDirect3D12Widget\QDirect3D12Widget.cpp">
      <Filter>Source Files\QDirect3D12Widget</Filter>
    </ClCompile>
    <ClCompile Include="source\QtInterface\main.cpp">
      <Filter>Source Files\QtInterface</Filter>
    </ClCompile>
    <ClCompile Include="source\QtInterface\SuikaGraphics.cpp">
      <Filter>Source Files\QtInterface</Filter>
    </ClCompile>
    <ClCompile Include="source\Utility\GameTimer.cpp">
      <Filter>Source Files\Utility</Filter>
    </ClCompile>
    <ClCompile Include="source\Utility\Utility.cpp">
      <Filter>Source Files\Utility</Filter>
    </ClCompile>
    <ClCompile Include="source\Utility\Shader.cpp">
      <Filter>Source Files\Utility</Filter>
    </ClCompile>
    <ClCompile Include="source\Utility\MathHelper.cpp">
      <Filter>Source Files\Utility</Filter>
    </ClCompile>
    <ClCompile Include="source\Geometry\GeometryGenerator.cpp">
      <Filter>Source Files\Geometry</Filter>
    </ClCompile>
  </ItemGroup>
  <ItemGroup>
    <ClInclude Include="header\GameTimer.h">
      <Filter>Header Files\Utility</Filter>
    </ClInclude>
    <ClInclude Include="header\MathHelper.h">
      <Filter>Header Files\Utility</Filter>
    </ClInclude>
    <ClInclude Include="header\MeshGeometry.h">
      <Filter>Header Files\Pipeline</Filter>
    </ClInclude>
    <ClInclude Include="header\Shader.h">
      <Filter>Header Files\Pipeline</Filter>
    </ClInclude>
    <ClInclude Include="header\UploadBuffer.h">
      <Filter>Header Files\Pipeline</Filter>
    </ClInclude>
    <ClInclude Include="header\Utility.h">
      <Filter>Header Files\Utility</Filter>
    </ClInclude>
    <ClInclude Include="header\d3dx12.h">
      <Filter>Header Files\Basement</Filter>
    </ClInclude>
    <ClInclude Include="header\Interaction.h">
      <Filter>Header Files\Interaction</Filter>
    </ClInclude>
    <ClInclude Include="header\PipelineSetting.h">
      <Filter>Header Files\Pipeline</Filter>
    </ClInclude>
    <ClInclude Include="header\GeometryGenerator.h">
      <Filter>Header Files\Geometry</Filter>
    </ClInclude>
  </ItemGroup>
  <ItemGroup>
    <QtMoc Include="source\QDirect3D12Widget\QDirect3D12Widget.h">
      <Filter>Source Files\QDirect3D12Widget</Filter>
    </QtMoc>
    <QtMoc Include="header\SuikaGraphics.h">
      <Filter>Header Files\Basement</Filter>
    </QtMoc>
  </ItemGroup>
  <ItemGroup>
    <FxCompile Include="shader\Color.hlsl">
      <Filter>Shader Files</Filter>
    </FxCompile>
  </ItemGroup>
</Project>