<?xml version="1.0" encoding="utf-8"?>
<Project ToolsVersion="4.0" xmlns="http://schemas.microsoft.com/developer/msbuild/2003">
  <ItemGroup>
    <Filter Include="Source Files">
      <UniqueIdentifier>{4FC737F1-C7A5-4376-A066-2A32D752A2FF}</UniqueIdentifier>
      <Extensions>cpp;c;cc;cxx;def;odl;idl;hpj;bat;asm;asmx</Extensions>
    </Filter>
    <Filter Include="Header Files">
      <UniqueIdentifier>{93995380-89BD-4b04-88EB-625FBE52EBFB}</UniqueIdentifier>
      <Extensions>h;hh;hpp;hxx;hm;inl;inc;xsd</Extensions>
    </Filter>
    <Filter Include="Resource Files">
      <UniqueIdentifier>{67DA6AB6-F800-4c08-8B7A-83BB121AAD01}</UniqueIdentifier>
      <Extensions>rc;ico;cur;bmp;dlg;rc2;rct;bin;rgs;gif;jpg;jpeg;jpe;resx;tiff;tif;png;wav;mfcribbon-ms</Extensions>
    </Filter>
    <Filter Include="Form Files">
      <UniqueIdentifier>{99349809-55BA-4b9d-BF79-8FDBB0286EB3}</UniqueIdentifier>
      <Extensions>ui</Extensions>
    </Filter>
    <Filter Include="Resource Files">
      <UniqueIdentifier>{D9D6E242-F8AF-46E4-B9FD-80ECBC20BA3E}</UniqueIdentifier>
      <Extensions>qrc;*</Extensions>
      <ParseFiles>false</ParseFiles>
    </Filter>
    <Filter Include="Source Files\QDirect3D12Widget">
      <UniqueIdentifier>{19a947cb-5aba-4d59-bfb1-43b95e3af84a}</UniqueIdentifier>
    </Filter>
    <Filter Include="Source Files\Utility">
      <UniqueIdentifier>{75d4871d-aa8b-4358-bea4-fa782ee21d91}</UniqueIdentifier>
    </Filter>
    <Filter Include="Source Files\QtInterface">
      <UniqueIdentifier>{fc480f90-2066-4535-a13e-77cb4669dcd8}</UniqueIdentifier>
    </Filter>
    <Filter Include="Shader Files">
      <UniqueIdentifier>{99da4717-d970-45d4-b103-11a51cc1083b}</UniqueIdentifier>
    </Filter>
    <Filter Include="Header Files\Utility">
      <UniqueIdentifier>{bd5dec67-205c-4316-a507-4250fc228c3d}</UniqueIdentifier>
    </Filter>
    <Filter Include="Header Files\Pipeline">
      <UniqueIdentifier>{6fe23bc5-c020-4b77-8e11-c5177074b9c1}</UniqueIdentifier>
    </Filter>
    <Filter Include="Header Files\Basement">
      <UniqueIdentifier>{bba9420e-0699-45fe-9fca-66d091df7dcc}</UniqueIdentifier>
    </Filter>
    <Filter Include="Header Files\Interaction">
      <UniqueIdentifier>{a03b375f-73de-4b85-83f6-172d24632bf7}</UniqueIdentifier>
    </Filter>
    <Filter Include="Header Files\Geometry">
      <UniqueIdentifier>{112b15b9-3f7f-4cce-91ed-f0c06827bdfb}</UniqueIdentifier>
    </Filter>
    <Filter Include="Source Files\Geometry">
      <UniqueIdentifier>{5f4d36aa-882f-4e42-a2cb-4f40a758bab6}</UniqueIdentifier>
    </Filter>
    <Filter Include="Source Files\Pipeline">
      <UniqueIdentifier>{bbe35db8-05ab-46dd-aeb2-aa408c202996}</UniqueIdentifier>
    </Filter>
    <Filter Include="Header Files\GameObject">
      <UniqueIdentifier>{54158228-1629-49b9-a0ac-9dcfc0e49116}</UniqueIdentifier>
    </Filter>
    <Filter Include="Source Files\Interaction">
      <UniqueIdentifier>{d459037b-bba4-42d8-a461-9c6493a28d7f}</UniqueIdentifier>
    </Filter>
    <Filter Include="Header Files\BasicModule">
      <UniqueIdentifier>{aeb47a82-248f-487f-be52-d262be259b97}</UniqueIdentifier>
    </Filter>
    <Filter Include="Header Files\Component">
      <UniqueIdentifier>{45ec642b-3b28-4434-83cf-c818379b2634}</UniqueIdentifier>
    </Filter>
    <Filter Include="Header Files\Scene">
      <UniqueIdentifier>{f1981470-79c1-432a-b3bf-d983ec9e90f3}</UniqueIdentifier>
    </Filter>
    <Filter Include="Source Files\Scene">
      <UniqueIdentifier>{6e3b5051-52fe-439b-b812-dc93d30acf0f}</UniqueIdentifier>
    </Filter>
    <Filter Include="Header Files\Rendering">
      <UniqueIdentifier>{9912d516-e1eb-4389-8cf0-8f8ea7f64ec2}</UniqueIdentifier>
    </Filter>
    <Filter Include="Header Files\Texture">
      <UniqueIdentifier>{f2e94241-1159-4685-8c78-104a7657840a}</UniqueIdentifier>
    </Filter>
    <Filter Include="Source Files\Texture">
      <UniqueIdentifier>{22af26d8-6748-4280-ae0a-f9ea41b1d478}</UniqueIdentifier>
    </Filter>
    <Filter Include="Header Files\D3DModules">
      <UniqueIdentifier>{3542f20f-6e04-49e7-8a57-9dbb085166ce}</UniqueIdentifier>
    </Filter>
    <Filter Include="Source Files\D3DModules">
      <UniqueIdentifier>{3654d2c0-a074-47a6-8b69-8b04f9d53fc8}</UniqueIdentifier>
    </Filter>
    <Filter Include="Header Files\Cuda">
      <UniqueIdentifier>{6d51ec41-d2c3-4f13-9a92-a6c7517fec18}</UniqueIdentifier>
    </Filter>
    <Filter Include="Source Files\Cuda">
      <UniqueIdentifier>{37e747e9-2b04-4d74-bf69-d6a4913bedec}</UniqueIdentifier>
    </Filter>
    <Filter Include="Cuda Files">
      <UniqueIdentifier>{54baa254-13cc-49e1-944c-cffc810423cd}</UniqueIdentifier>
    </Filter>
    <Filter Include="Header Files\Lighting">
      <UniqueIdentifier>{5556dc5d-0fb7-4e73-bc44-d25d40cb509b}</UniqueIdentifier>
    </Filter>
    <Filter Include="Source Files\Rendering">
      <UniqueIdentifier>{3f9d7dfb-96d2-49cf-922f-948c87ef9619}</UniqueIdentifier>
    </Filter>
    <Filter Include="Header Files\PRT">
      <UniqueIdentifier>{8a3f2d9d-4e9f-495d-bcff-2f2309b4d567}</UniqueIdentifier>
    </Filter>
    <Filter Include="Cuda Files\PathTracer">
      <UniqueIdentifier>{d0f1cc7c-eb5c-4f49-8b63-e002a13d6dca}</UniqueIdentifier>
    </Filter>
    <Filter Include="Cuda Files\PRT">
      <UniqueIdentifier>{342848fe-89c0-4eaa-b919-b340a7b31e1d}</UniqueIdentifier>
    </Filter>
  </ItemGroup>
  <ItemGroup>
    <QtRcc Include="qt\SuikaGraphics.qrc">
      <Filter>Resource Files</Filter>
    </QtRcc>
    <QtUic Include="qt\SuikaGraphics.ui">
      <Filter>Resource Files</Filter>
    </QtUic>
  </ItemGroup>
  <ItemGroup>
    <ClCompile Include="source\QtInterface\main.cpp">
      <Filter>Source Files\QtInterface</Filter>
    </ClCompile>
    <ClCompile Include="source\QtInterface\SuikaGraphics.cpp">
      <Filter>Source Files\QtInterface</Filter>
    </ClCompile>
    <ClCompile Include="source\Utility\GameTimer.cpp">
      <Filter>Source Files\Utility</Filter>
    </ClCompile>
    <ClCompile Include="source\Utility\Utility.cpp">
      <Filter>Source Files\Utility</Filter>
    </ClCompile>
    <ClCompile Include="source\Utility\Shader.cpp">
      <Filter>Source Files\Utility</Filter>
    </ClCompile>
    <ClCompile Include="source\Utility\MathHelper.cpp">
      <Filter>Source Files\Utility</Filter>
    </ClCompile>
    <ClCompile Include="source\Geometry\GeometryGenerator.cpp">
      <Filter>Source Files\Geometry</Filter>
    </ClCompile>
    <ClCompile Include="source\Scene\RenderItemManagment.cpp">
      <Filter>Source Files\Pipeline</Filter>
    </ClCompile>
    <ClCompile Include="source\QDirect3D12Widget\QDirect3D12Widget.cpp">
      <Filter>Source Files\QDirect3D12Widget</Filter>
    </ClCompile>
    <ClCompile Include="source\Interaction\InputSystem.cpp">
      <Filter>Source Files\Interaction</Filter>
    </ClCompile>
    <ClCompile Include="source\Utility\Debug.cpp">
      <Filter>Source Files\Utility</Filter>
    </ClCompile>
    <ClCompile Include="source\GameObject\Camera.cpp">
      <Filter>Source Files\Utility</Filter>
    </ClCompile>
    <ClCompile Include="source\Scene\wave.cpp">
      <Filter>Source Files\Scene</Filter>
    </ClCompile>
    <ClCompile Include="source\Platform\DirectX12\FrameResource.cpp">
      <Filter>Source Files\Pipeline</Filter>
    </ClCompile>
    <ClCompile Include="source\Texture\DDSTextureLoader.cpp">
      <Filter>Source Files\Texture</Filter>
    </ClCompile>
    <ClCompile Include="source\Texture\ImageBasic.cpp">
      <Filter>Source Files\Texture</Filter>
    </ClCompile>
    <ClCompile Include="source\Texture\std_image.cpp">
      <Filter>Source Files\Texture</Filter>
    </ClCompile>
    <ClCompile Include="source\Texture\TextureHelper.cpp">
      <Filter>Source Files\Texture</Filter>
    </ClCompile>
    <ClCompile Include="source\D3DModules\WorksubmissionModule.cpp">
      <Filter>Source Files\D3DModules</Filter>
    </ClCompile>
    <ClCompile Include="source\D3DModules\MemoryManagerModule.cpp">
      <Filter>Source Files\D3DModules</Filter>
    </ClCompile>
    <ClCompile Include="source\Platform\Cuda\CudaManager.cpp">
      <Filter>Source Files\Cuda</Filter>
    </ClCompile>
    <ClCompile Include="source\D3DModules\SynchronizationModule.cpp">
      <Filter>Source Files\D3DModules</Filter>
    </ClCompile>
    <ClCompile Include="source\Texture\ScreenGrab.cpp">
      <Filter>Source Files\Texture</Filter>
    </ClCompile>
    <ClCompile Include="source\Texture\Texture.cpp">
      <Filter>Source Files\Texture</Filter>
    </ClCompile>
    <ClCompile Include="source\Rendering\Light.cpp">
      <Filter>Source Files\Rendering</Filter>
    </ClCompile>
    <ClCompile Include="source\Geometry\ModelLoader.cpp">
      <Filter>Source Files\Geometry</Filter>
    </ClCompile>
    <ClCompile Include="source\Geometry\MeshGeometry.cpp">
      <Filter>Source Files\Geometry</Filter>
    </ClCompile>
    <ClCompile Include="source\D3DModules\ResourceBindingModule.cpp">
      <Filter>Source Files\D3DModules</Filter>
    </ClCompile>
    <ClCompile Include="source\Cuda\CudaPathTracer.cpp">
      <Filter>Source Files\Cuda</Filter>
    </ClCompile>
    <ClCompile Include="source\Geometry\Loader.cpp">
      <Filter>Cuda Files\PathTracer</Filter>
    </ClCompile>
    <ClCompile Include="source\Cuda\cudas\bvh.cpp">
      <Filter>Cuda Files\PathTracer</Filter>
    </ClCompile>
    <ClCompile Include="source\testmain.cpp">
      <Filter>Source Files</Filter>
    </ClCompile>
    <ClCompile Include="source\Suika\Core\Application.cpp">
      <Filter>Source Files</Filter>
    </ClCompile>
    <ClCompile Include="source\Suika\Core\Log.cpp">
      <Filter>Source Files</Filter>
    </ClCompile>
    <ClCompile Include="source\Geometry\Mesh.cpp">
      <Filter>Source Files</Filter>
    </ClCompile>
    <ClCompile Include="source\Suika\Precompile\Precompiled.cpp">
      <Filter>Source Files</Filter>
    </ClCompile>
    <ClCompile Include="source\Rendering\Lighting\PolygonLight.cpp">
      <Filter>Source Files</Filter>
    </ClCompile>
    <ClCompile Include="source\Platform\DirectX12\StructuredBuffer.cpp">
      <Filter>Source Files</Filter>
    </ClCompile>
    <ClCompile Include="source\Core\Scene.cpp">
      <Filter>Source Files</Filter>
    </ClCompile>
    <ClCompile Include="source\Suika\Core\Layer.cpp">
      <Filter>Source Files</Filter>
    </ClCompile>
    <ClCompile Include="source\Suika\Core\LayerStack.cpp">
      <Filter>Source Files</Filter>
    </ClCompile>
    <ClCompile Include="source\Platform\Windows\WindowsWindow.cpp">
      <Filter>Source Files</Filter>
    </ClCompile>
    <ClCompile Include="source\Physics\Fluid2D\fluid2d.cpp">
      <Filter>Source Files</Filter>
    </ClCompile>
  </ItemGroup>
  <ItemGroup>
    <ClInclude Include="header\GameTimer.h">
      <Filter>Header Files\Utility</Filter>
    </ClInclude>
    <ClInclude Include="header\MathHelper.h">
      <Filter>Header Files\Utility</Filter>
    </ClInclude>
    <ClInclude Include="header\Shader.h">
      <Filter>Header Files\Pipeline</Filter>
    </ClInclude>
    <ClInclude Include="header\Utility.h">
      <Filter>Header Files\Utility</Filter>
    </ClInclude>
    <ClInclude Include="header\d3dx12.h">
      <Filter>Header Files\Basement</Filter>
    </ClInclude>
    <ClInclude Include="header\PipelineSetting.h">
      <Filter>Header Files\Pipeline</Filter>
    </ClInclude>
    <ClInclude Include="header\GeometryGenerator.h">
      <Filter>Header Files\Geometry</Filter>
    </ClInclude>
    <ClInclude Include="source\Platform\DirectX12\FrameResources.h">
      <Filter>Header Files\Pipeline</Filter>
    </ClInclude>
    <ClInclude Include="header\RenderItemManagment.h">
      <Filter>Header Files\Pipeline</Filter>
    </ClInclude>
    <ClInclude Include="header\MeshGeometry.h">
      <Filter>Header Files\Geometry</Filter>
    </ClInclude>
    <ClInclude Include="header\InputSystem.h">
      <Filter>Header Files\Interaction</Filter>
    </ClInclude>
    <ClInclude Include="header\Interaction.h">
      <Filter>Header Files\Interaction</Filter>
    </ClInclude>
    <ClInclude Include="header\Singleton.h">
      <Filter>Header Files\BasicModule</Filter>
    </ClInclude>
    <ClInclude Include="header\Debug.h">
      <Filter>Header Files\Utility</Filter>
    </ClInclude>
    <ClInclude Include="header\Transform.h">
      <Filter>Header Files\Component</Filter>
    </ClInclude>
    <ClInclude Include="header\Delegate.h">
      <Filter>Header Files\BasicModule</Filter>
    </ClInclude>
    <ClInclude Include="header\Camera.h">
      <Filter>Header Files\Component</Filter>
    </ClInclude>
    <ClInclude Include="header\wave.h">
      <Filter>Header Files\Scene</Filter>
    </ClInclude>
    <ClInclude Include="header\Material.h">
      <Filter>Header Files\Rendering</Filter>
    </ClInclude>
    <ClInclude Include="header\Light.h">
      <Filter>Header Files\Rendering</Filter>
    </ClInclude>
    <ClInclude Include="header\DDSTextureLoader.h">
      <Filter>Header Files\Texture</Filter>
    </ClInclude>
    <ClInclude Include="header\Texture.h">
      <Filter>Header Files\Texture</Filter>
    </ClInclude>
    <ClInclude Include="header\TextureHelper.h">
      <Filter>Header Files\Texture</Filter>
    </ClInclude>
    <ClInclude Include="header\ImageBasic.h">
      <Filter>Header Files\Texture</Filter>
    </ClInclude>
    <ClInclude Include="header\WorkSubmissionModule.h">
      <Filter>Header Files\D3DModules</Filter>
    </ClInclude>
    <ClInclude Include="header\MemoryManagerModule.h">
      <Filter>Header Files\D3DModules</Filter>
    </ClInclude>
    <ClInclude Include="source\Platform\Cuda\CudaManager.h">
      <Filter>Header Files\Cuda</Filter>
    </ClInclude>
    <ClInclude Include="header\SynchronizationModule.h">
      <Filter>Header Files\D3DModules</Filter>
    </ClInclude>
    <ClInclude Include="header\ScreenGrab.h">
      <Filter>Header Files\Texture</Filter>
    </ClInclude>
    <ClInclude Include="header\ModelLoader.h">
      <Filter>Header Files\Geometry</Filter>
    </ClInclude>
    <ClInclude Include="header\ResourceBindingModule.h">
      <Filter>Header Files\D3DModules</Filter>
    </ClInclude>
    <ClInclude Include="source\Platform\DirectX12\UploadBuffer.h">
      <Filter>Header Files\Utility</Filter>
    </ClInclude>
    <ClInclude Include="header\CudaPathTracer.h">
      <Filter>Header Files\Cuda</Filter>
    </ClInclude>
    <ClInclude Include="header\SceneManager.h">
      <Filter>Header Files\Scene</Filter>
    </ClInclude>
    <ClInclude Include="source\Cuda\cudas\Utility.cuh">
      <Filter>Cuda Files\PathTracer</Filter>
    </ClInclude>
    <ClInclude Include="source\Cuda\cudas\RTUtils.cuh">
      <Filter>Cuda Files\PathTracer</Filter>
    </ClInclude>
    <ClInclude Include="source\Cuda\cudas\Hitable\Sphere.cuh">
      <Filter>Cuda Files\PathTracer</Filter>
    </ClInclude>
    <ClInclude Include="source\Cuda\cudas\Hitable\Triangle.cuh">
      <Filter>Cuda Files\PathTracer</Filter>
    </ClInclude>
    <ClInclude Include="source\Cuda\cudas\Hitable\TriangleModel.h">
      <Filter>Cuda Files\PathTracer</Filter>
    </ClInclude>
    <ClInclude Include="source\Cuda\cudas\bvh.h">
      <Filter>Cuda Files\PathTracer</Filter>
    </ClInclude>
    <ClInclude Include="source\Cuda\cudas\DevMaterial.cuh">
      <Filter>Cuda Files\PathTracer</Filter>
    </ClInclude>
    <ClInclude Include="source\Cuda\cudas\Geometry.h">
      <Filter>Cuda Files\PathTracer</Filter>
    </ClInclude>
    <ClInclude Include="source\Cuda\cudas\helper_math.h">
      <Filter>Cuda Files\PathTracer</Filter>
    </ClInclude>
    <ClInclude Include="source\Cuda\cudas\Hitable\HitableList.cuh">
      <Filter>Cuda Files\PathTracer</Filter>
    </ClInclude>
    <ClInclude Include="source\Cuda\cudas\linear_algebra.h">
      <Filter>Cuda Files\PathTracer</Filter>
    </ClInclude>
    <ClInclude Include="header\CudaUtil.h">
      <Filter>Cuda Files</Filter>
    </ClInclude>
    <ClInclude Include="header\CudaPrt.h">
      <Filter>Header Files\Cuda</Filter>
    </ClInclude>
    <ClInclude Include="source\Cuda\cudas\SphericalHarmonic.cuh">
      <Filter>Cuda Files\PRT</Filter>
    </ClInclude>
    <ClInclude Include="source\Cuda\cudas\RandUtils.cuh">
      <Filter>Cuda Files</Filter>
    </ClInclude>
    <ClInclude Include="source\Suika\Core\Log.h">
      <Filter>Header Files</Filter>
    </ClInclude>
    <ClInclude Include="source\Suika\Core\Application.h">
      <Filter>Header Files</Filter>
    </ClInclude>
    <ClInclude Include="source\Suika\Core\Core.h">
      <Filter>Header Files</Filter>
    </ClInclude>
    <ClInclude Include="source\Suika\Core\EntryPoint.h">
      <Filter>Header Files</Filter>
    </ClInclude>
    <ClInclude Include="source\Suika.h">
      <Filter>Header Files</Filter>
    </ClInclude>
    <ClInclude Include="source\Options.h">
      <Filter>Header Files</Filter>
    </ClInclude>
    <ClInclude Include="header\Mesh.h">
      <Filter>Header Files</Filter>
    </ClInclude>
    <ClInclude Include="header\Scene.h">
      <Filter>Header Files</Filter>
    </ClInclude>
    <ClInclude Include="source\Suika\Event\KeyEvent.h">
      <Filter>Header Files</Filter>
    </ClInclude>
    <ClInclude Include="source\Suika\Event\Event.h">
      <Filter>Header Files</Filter>
    </ClInclude>
    <ClInclude Include="source\Suika\Precompile\Precompiled.h">
      <Filter>Header Files</Filter>
    </ClInclude>
    <ClInclude Include="source\Rendering\Lighting\PolygonLight.h">
      <Filter>Header Files</Filter>
    </ClInclude>
    <ClInclude Include="source\Platform\DirectX12\StructuredBuffer.h">
      <Filter>Header Files</Filter>
    </ClInclude>
    <ClInclude Include="source\Platform\DirectX12\Resource.h">
      <Filter>Header Files</Filter>
    </ClInclude>
    <ClInclude Include="source\Core\Scene.h">
      <Filter>Header Files</Filter>
    </ClInclude>
    <ClInclude Include="source\Suika\Core\Layer.h">
      <Filter>Header Files</Filter>
    </ClInclude>
    <ClInclude Include="source\Suika\Core\LayerStack.h">
      <Filter>Header Files</Filter>
    </ClInclude>
    <ClInclude Include="source\Suika\Core\Window.h">
      <Filter>Header Files</Filter>
    </ClInclude>
    <ClInclude Include="source\Platform\Windows\WindowsWindow.h">
      <Filter>Header Files</Filter>
    </ClInclude>
    <ClInclude Include="source\Physics\Fluid2D\fluid2d.h" />
  </ItemGroup>
  <ItemGroup>
    <QtMoc Include="header\SuikaGraphics.h">
      <Filter>Header Files\Basement</Filter>
    </QtMoc>
    <QtMoc Include="source\QDirect3D12Widget\QDirect3D12Widget.h">
      <Filter>Source Files\QDirect3D12Widget</Filter>
    </QtMoc>
  </ItemGroup>
  <ItemGroup>
    <CudaCompile Include="source\Cuda\cudas\main.cu">
      <Filter>Cuda Files</Filter>
    </CudaCompile>
    <CudaCompile Include="source\Cuda\cudas\TriMeshLoader.cu">
      <Filter>Cuda Files\PathTracer</Filter>
    </CudaCompile>
    <CudaCompile Include="source\Physics\Fluid2D\fluid2d.cu">
      <Filter>Source Files</Filter>
    </CudaCompile>
  </ItemGroup>
</Project>